<?xml version="1.0" encoding="utf-8"?>
<Project ToolsVersion="4.0" xmlns="http://schemas.microsoft.com/developer/msbuild/2003">
  <ItemGroup>
    <Filter Include="Source Files">
      <UniqueIdentifier>{4FC737F1-C7A5-4376-A066-2A32D752A2FF}</UniqueIdentifier>
      <Extensions>cpp;c;cc;cxx;c++;cppm;ixx;def;odl;idl;hpj;bat;asm;asmx</Extensions>
    </Filter>
    <Filter Include="Header Files">
      <UniqueIdentifier>{93995380-89BD-4b04-88EB-625FBE52EBFB}</UniqueIdentifier>
      <Extensions>h;hh;hpp;hxx;h++;hm;inl;inc;ipp;xsd</Extensions>
    </Filter>
    <Filter Include="Resource Files">
      <UniqueIdentifier>{67DA6AB6-F800-4c08-8B7A-83BB121AAD01}</UniqueIdentifier>
      <Extensions>rc;ico;cur;bmp;dlg;rc2;rct;bin;rgs;gif;jpg;jpeg;jpe;resx;tiff;tif;png;wav;mfcribbon-ms</Extensions>
    </Filter>
    <Filter Include="Header Files\ProgrammingPatterns">
      <UniqueIdentifier>{b48a9f3c-6954-4bf3-aa9d-9d3dc8acdb66}</UniqueIdentifier>
    </Filter>
    <Filter Include="Header Files\ProgrammingPatterns\AbstractFactory">
      <UniqueIdentifier>{e709e74f-f13f-461b-9bb9-6e7a09a128d9}</UniqueIdentifier>
    </Filter>
    <Filter Include="Source Files\ProgrammingPatterns">
      <UniqueIdentifier>{eab4be36-ad02-4470-9126-7fa7f13b837d}</UniqueIdentifier>
    </Filter>
    <Filter Include="Source Files\ProgrammingPatterns\AbstractFactory">
      <UniqueIdentifier>{492ce4c5-ec1a-4644-b730-14c647417a02}</UniqueIdentifier>
    </Filter>
    <Filter Include="Header Files\ProgrammingPatterns\Builder">
      <UniqueIdentifier>{25534bbe-7e5d-44dd-a7af-7e00b6ad0c87}</UniqueIdentifier>
    </Filter>
    <Filter Include="Source Files\ProgrammingPatterns\Builder">
      <UniqueIdentifier>{b3a8b09f-635e-4d67-8cee-f2fddf657127}</UniqueIdentifier>
    </Filter>
    <Filter Include="Header Files\ProgrammingPatterns\Prototype">
      <UniqueIdentifier>{9773ff4f-6a44-4e8c-aa57-d56bcdac7b69}</UniqueIdentifier>
    </Filter>
    <Filter Include="Header Files\ProgrammingPatterns\Adapter">
      <UniqueIdentifier>{04bc6bdc-793d-432d-a349-a2c3d12543a6}</UniqueIdentifier>
    </Filter>
  </ItemGroup>
  <ItemGroup>
    <ClInclude Include="include\Prerequisites.h">
      <Filter>Header Files</Filter>
    </ClInclude>
    <ClInclude Include="include\Items.h">
      <Filter>Header Files</Filter>
    </ClInclude>
    <ClInclude Include="include\Estudiantes.h">
      <Filter>Header Files</Filter>
    </ClInclude>
    <ClInclude Include="include\CuentaBancaria.h">
      <Filter>Header Files</Filter>
    </ClInclude>
    <ClInclude Include="include\Banco.h">
      <Filter>Header Files</Filter>
    </ClInclude>
    <ClInclude Include="include\UsuarioBanco.h">
      <Filter>Header Files</Filter>
    </ClInclude>
    <ClInclude Include="include\ProgrammingPatterns\FactoryMethod.h">
      <Filter>Header Files\ProgrammingPatterns</Filter>
    </ClInclude>
    <ClInclude Include="include\ProgrammingPatterns\MiSingleton.h">
      <Filter>Header Files\ProgrammingPatterns</Filter>
    </ClInclude>
    <ClInclude Include="include\ProgrammingPatterns\PracticaFactoryMethod.h">
      <Filter>Header Files\ProgrammingPatterns</Filter>
    </ClInclude>
    <ClInclude Include="include\ProgrammingPatterns\AbstractFactory\ProductoA.h">
      <Filter>Header Files\ProgrammingPatterns\AbstractFactory</Filter>
    </ClInclude>
    <ClInclude Include="include\ProgrammingPatterns\AbstractFactory\ProductoB.h">
      <Filter>Header Files\ProgrammingPatterns\AbstractFactory</Filter>
    </ClInclude>
    <ClInclude Include="include\ProgrammingPatterns\AbstractFactory\FabricaAbstracta.h">
      <Filter>Header Files\ProgrammingPatterns\AbstractFactory</Filter>
    </ClInclude>
    <ClInclude Include="include\ProgrammingPatterns\AbstractFactory\ProductoA1.h">
      <Filter>Header Files\ProgrammingPatterns\AbstractFactory</Filter>
    </ClInclude>
    <ClInclude Include="include\ProgrammingPatterns\AbstractFactory\ProductoB1.h">
      <Filter>Header Files\ProgrammingPatterns\AbstractFactory</Filter>
    </ClInclude>
    <ClInclude Include="include\ProgrammingPatterns\AbstractFactory\FabricaConcreta.h">
      <Filter>Header Files\ProgrammingPatterns\AbstractFactory</Filter>
    </ClInclude>
    <ClInclude Include="include\ProgrammingPatterns\AbstractFactory\Mueble.h">
      <Filter>Header Files\ProgrammingPatterns\AbstractFactory</Filter>
    </ClInclude>
    <ClInclude Include="include\ProgrammingPatterns\AbstractFactory\Silla.h">
      <Filter>Header Files\ProgrammingPatterns\AbstractFactory</Filter>
    </ClInclude>
    <ClInclude Include="include\ProgrammingPatterns\AbstractFactory\Mesa.h">
      <Filter>Header Files\ProgrammingPatterns\AbstractFactory</Filter>
    </ClInclude>
    <ClInclude Include="include\ProgrammingPatterns\AbstractFactory\FactoriaMuebles.h">
      <Filter>Header Files\ProgrammingPatterns\AbstractFactory</Filter>
    </ClInclude>
    <ClInclude Include="include\ProgrammingPatterns\AbstractFactory\FactoriaMueblesRusticos.h">
      <Filter>Header Files\ProgrammingPatterns\AbstractFactory</Filter>
    </ClInclude>
    <ClInclude Include="include\ProgrammingPatterns\AbstractFactory\FactoriaMueblesModernos.h">
      <Filter>Header Files\ProgrammingPatterns\AbstractFactory</Filter>
    </ClInclude>
    <ClInclude Include="include\ProgrammingPatterns\Builder\Producto.h">
      <Filter>Header Files\ProgrammingPatterns\Builder</Filter>
    </ClInclude>
    <ClInclude Include="include\ProgrammingPatterns\Builder\Builder.h">
      <Filter>Header Files\ProgrammingPatterns\Builder</Filter>
    </ClInclude>
    <ClInclude Include="include\ProgrammingPatterns\Builder\BuilderConcreto.h">
      <Filter>Header Files\ProgrammingPatterns\Builder</Filter>
    </ClInclude>
    <ClInclude Include="include\ProgrammingPatterns\Builder\Director.h">
      <Filter>Header Files\ProgrammingPatterns\Builder</Filter>
    </ClInclude>
    <ClInclude Include="include\ProgrammingPatterns\Builder\Pizza.h">
      <Filter>Header Files\ProgrammingPatterns\Builder</Filter>
    </ClInclude>
    <ClInclude Include="include\ProgrammingPatterns\Builder\ConstructorPizza.h">
      <Filter>Header Files\ProgrammingPatterns\Builder</Filter>
    </ClInclude>
    <ClInclude Include="include\ProgrammingPatterns\Builder\BuilderPizzaHawaiana.h">
      <Filter>Header Files\ProgrammingPatterns\Builder</Filter>
    </ClInclude>
    <ClInclude Include="include\ProgrammingPatterns\Builder\BuilderPizzaVegetariana.h">
      <Filter>Header Files\ProgrammingPatterns\Builder</Filter>
    </ClInclude>
    <ClInclude Include="include\ProgrammingPatterns\Prototype\Prototype.h">
      <Filter>Header Files\ProgrammingPatterns\Prototype</Filter>
    </ClInclude>
    <ClInclude Include="include\ProgrammingPatterns\Prototype\PrototypeConcreto.h">
      <Filter>Header Files\ProgrammingPatterns\Prototype</Filter>
    </ClInclude>
    <ClInclude Include="include\ProgrammingPatterns\Prototype\DocumentoPrototype.h">
      <Filter>Header Files\ProgrammingPatterns\Prototype</Filter>
    </ClInclude>
    <ClInclude Include="include\ProgrammingPatterns\Prototype\DocumentoConcretoTexto.h">
      <Filter>Header Files\ProgrammingPatterns\Prototype</Filter>
    </ClInclude>
    <ClInclude Include="include\ProgrammingPatterns\Prototype\DocumentoConcretoImagen.h">
      <Filter>Header Files\ProgrammingPatterns\Prototype</Filter>
    </ClInclude>
    <ClInclude Include="include\ProgrammingPatterns\Adapter\InterfazVieja.h">
      <Filter>Header Files\ProgrammingPatterns\Adapter</Filter>
    </ClInclude>
    <ClInclude Include="include\ProgrammingPatterns\Adapter\InterfazNueva.h">
      <Filter>Header Files\ProgrammingPatterns\Adapter</Filter>
    </ClInclude>
    <ClInclude Include="include\ProgrammingPatterns\Adapter\Adapter.h">
      <Filter>Header Files\ProgrammingPatterns\Adapter</Filter>
    </ClInclude>
  </ItemGroup>
  <ItemGroup>
    <ClCompile Include="source\Main2.cpp">
      <Filter>Source Files</Filter>
    </ClCompile>
    <ClCompile Include="source\ProgrammingPatterns\AbstractFactory\ProductoA1.cpp">
      <Filter>Source Files\ProgrammingPatterns\AbstractFactory</Filter>
    </ClCompile>
    <ClCompile Include="source\ProgrammingPatterns\AbstractFactory\ProductoB1.cpp">
      <Filter>Source Files\ProgrammingPatterns\AbstractFactory</Filter>
    </ClCompile>
    <ClCompile Include="source\ProgrammingPatterns\AbstractFactory\Silla.cpp">
      <Filter>Source Files\ProgrammingPatterns\AbstractFactory</Filter>
    </ClCompile>
    <ClCompile Include="source\ProgrammingPatterns\AbstractFactory\Mesa.cpp">
      <Filter>Source Files\ProgrammingPatterns\AbstractFactory</Filter>
    </ClCompile>
    <ClCompile Include="source\ProgrammingPatterns\Builder\BuilderConcreto.cpp">
      <Filter>Source Files\ProgrammingPatterns\Builder</Filter>
    </ClCompile>
  </ItemGroup>
</Project>